
Microsoft Visual Studio Solution File, Format Version 12.00
# Visual Studio Version 16
VisualStudioVersion = 16.0.31129.286
MinimumVisualStudioVersion = 10.0.40219.1
Project("{9A19103F-16F7-4668-BE54-9A1E7A4F7556}") = "Haulagebiz", "Haulagebiz\Haulagebiz.csproj", "{5691931A-3251-497A-AA57-7A0249C5129D}"
EndProject
Project("{2150E333-8FDC-42A3-9474-1A3956D46DE8}") = "MicroServices", "MicroServices", "{2677A07C-0940-4270-8211-968D5ADC31FE}"
EndProject
Project("{2150E333-8FDC-42A3-9474-1A3956D46DE8}") = "Users", "Users", "{1B65DCEF-C56F-4C3D-97B2-060553B65737}"
EndProject
Project("{FAE04EC0-301F-11D3-BF4B-00C04F79EFBC}") = "Users.Api", "Users.Api\Users.Api.csproj", "{2DC9539B-38D8-4431-BDBB-8B4095758A21}"
EndProject
Project("{2150E333-8FDC-42A3-9474-1A3956D46DE8}") = "Vehicles", "Vehicles", "{CC5EA7CD-9269-40A8-A00E-3CF2B2B2F573}"
EndProject
Project("{FAE04EC0-301F-11D3-BF4B-00C04F79EFBC}") = "Vehicles.Api", "Vehicles.Api\Vehicles.Api.csproj", "{8F1E0A62-2074-4E50-8CCB-74DC0CE07918}"
EndProject
Project("{FAE04EC0-301F-11D3-BF4B-00C04F79EFBC}") = "ApiGateway", "ApiGateway\ApiGateway.csproj", "{34EB4224-145C-409E-ABAC-E40AAE60E4CA}"
EndProject
Project("{FAE04EC0-301F-11D3-BF4B-00C04F79EFBC}") = "Domain", "Domain\Domain.csproj", "{0074D9A5-93DA-4B39-9C53-7C6261200DE3}"
EndProject
Project("{FAE04EC0-301F-11D3-BF4B-00C04F79EFBC}") = "Application", "Application\Application.csproj", "{0C20A82A-1CED-4D01-9EE0-57E3677214D7}"
EndProject
Project("{FAE04EC0-301F-11D3-BF4B-00C04F79EFBC}") = "Infrastructure", "Infrastructure\Infrastructure.csproj", "{3DD0FD65-6E89-414C-947A-2D8D3B56667B}"
EndProject
Project("{2150E333-8FDC-42A3-9474-1A3956D46DE8}") = "Main Site", "Main Site", "{2612A00B-648B-4990-B8FF-09F5DD5EDC44}"
EndProject
Global
	GlobalSection(SolutionConfigurationPlatforms) = preSolution
		Debug|Any CPU = Debug|Any CPU
		Release|Any CPU = Release|Any CPU
	EndGlobalSection
	GlobalSection(ProjectConfigurationPlatforms) = postSolution
		{5691931A-3251-497A-AA57-7A0249C5129D}.Debug|Any CPU.ActiveCfg = Debug|Any CPU
		{5691931A-3251-497A-AA57-7A0249C5129D}.Debug|Any CPU.Build.0 = Debug|Any CPU
		{5691931A-3251-497A-AA57-7A0249C5129D}.Release|Any CPU.ActiveCfg = Release|Any CPU
		{5691931A-3251-497A-AA57-7A0249C5129D}.Release|Any CPU.Build.0 = Release|Any CPU
		{2DC9539B-38D8-4431-BDBB-8B4095758A21}.Debug|Any CPU.ActiveCfg = Debug|Any CPU
		{2DC9539B-38D8-4431-BDBB-8B4095758A21}.Debug|Any CPU.Build.0 = Debug|Any CPU
		{2DC9539B-38D8-4431-BDBB-8B4095758A21}.Release|Any CPU.ActiveCfg = Release|Any CPU
		{2DC9539B-38D8-4431-BDBB-8B4095758A21}.Release|Any CPU.Build.0 = Release|Any CPU
		{8F1E0A62-2074-4E50-8CCB-74DC0CE07918}.Debug|Any CPU.ActiveCfg = Debug|Any CPU
		{8F1E0A62-2074-4E50-8CCB-74DC0CE07918}.Debug|Any CPU.Build.0 = Debug|Any CPU
		{8F1E0A62-2074-4E50-8CCB-74DC0CE07918}.Release|Any CPU.ActiveCfg = Release|Any CPU
		{8F1E0A62-2074-4E50-8CCB-74DC0CE07918}.Release|Any CPU.Build.0 = Release|Any CPU
		{34EB4224-145C-409E-ABAC-E40AAE60E4CA}.Debug|Any CPU.ActiveCfg = Debug|Any CPU
		{34EB4224-145C-409E-ABAC-E40AAE60E4CA}.Debug|Any CPU.Build.0 = Debug|Any CPU
		{34EB4224-145C-409E-ABAC-E40AAE60E4CA}.Release|Any CPU.ActiveCfg = Release|Any CPU
		{34EB4224-145C-409E-ABAC-E40AAE60E4CA}.Release|Any CPU.Build.0 = Release|Any CPU
		{0074D9A5-93DA-4B39-9C53-7C6261200DE3}.Debug|Any CPU.ActiveCfg = Debug|Any CPU
		{0074D9A5-93DA-4B39-9C53-7C6261200DE3}.Debug|Any CPU.Build.0 = Debug|Any CPU
		{0074D9A5-93DA-4B39-9C53-7C6261200DE3}.Release|Any CPU.ActiveCfg = Release|Any CPU
		{0074D9A5-93DA-4B39-9C53-7C6261200DE3}.Release|Any CPU.Build.0 = Release|Any CPU
		{0C20A82A-1CED-4D01-9EE0-57E3677214D7}.Debug|Any CPU.ActiveCfg = Debug|Any CPU
		{0C20A82A-1CED-4D01-9EE0-57E3677214D7}.Debug|Any CPU.Build.0 = Debug|Any CPU
		{0C20A82A-1CED-4D01-9EE0-57E3677214D7}.Release|Any CPU.ActiveCfg = Release|Any CPU
		{0C20A82A-1CED-4D01-9EE0-57E3677214D7}.Release|Any CPU.Build.0 = Release|Any CPU
		{3DD0FD65-6E89-414C-947A-2D8D3B56667B}.Debug|Any CPU.ActiveCfg = Debug|Any CPU
		{3DD0FD65-6E89-414C-947A-2D8D3B56667B}.Debug|Any CPU.Build.0 = Debug|Any CPU
		{3DD0FD65-6E89-414C-947A-2D8D3B56667B}.Release|Any CPU.ActiveCfg = Release|Any CPU
		{3DD0FD65-6E89-414C-947A-2D8D3B56667B}.Release|Any CPU.Build.0 = Release|Any CPU
	EndGlobalSection
	GlobalSection(SolutionProperties) = preSolution
		HideSolutionNode = FALSE
	EndGlobalSection
	GlobalSection(NestedProjects) = preSolution
		{5691931A-3251-497A-AA57-7A0249C5129D} = {2612A00B-648B-4990-B8FF-09F5DD5EDC44}
		{1B65DCEF-C56F-4C3D-97B2-060553B65737} = {2677A07C-0940-4270-8211-968D5ADC31FE}
		{2DC9539B-38D8-4431-BDBB-8B4095758A21} = {1B65DCEF-C56F-4C3D-97B2-060553B65737}
		{CC5EA7CD-9269-40A8-A00E-3CF2B2B2F573} = {2677A07C-0940-4270-8211-968D5ADC31FE}
		{8F1E0A62-2074-4E50-8CCB-74DC0CE07918} = {CC5EA7CD-9269-40A8-A00E-3CF2B2B2F573}
	EndGlobalSection
	GlobalSection(ExtensibilityGlobals) = postSolution
		SolutionGuid = {59E13CF2-FE09-457C-89F0-14AA43AE089D}
	EndGlobalSection
EndGlobal
